
Microsoft Visual Studio Solution File, Format Version 12.00
# Visual Studio Version 17
VisualStudioVersion = 17.5.33530.505
MinimumVisualStudioVersion = 10.0.40219.1
Project("{9A19103F-16F7-4668-BE54-9A1E7A4F7556}") = "CosmicHorrorFishingBuddies", "CosmicHorrorFishingBuddies\CosmicHorrorFishingBuddies.csproj", "{774AD884-6B3B-4211-916C-FA879A038CA2}"
EndProject
Project("{9A19103F-16F7-4668-BE54-9A1E7A4F7556}") = "MirrorWeaver", "MirrorWeaver\MirrorWeaver.csproj", "{187443FD-AD9C-4D1D-B2A2-7C7C7CAFEBF0}"
EndProject
Project("{9A19103F-16F7-4668-BE54-9A1E7A4F7556}") = "SteamAPIPatcher", "SteamAPIPatcher\SteamAPIPatcher.csproj", "{AA7455B6-5BAF-4C4B-B91C-33A2027649F2}"
EndProject
Project("{9A19103F-16F7-4668-BE54-9A1E7A4F7556}") = "FizzySteamworks", "FizzyFacepunch\FizzySteamworks.csproj", "{612F6EA7-B470-4C66-B5CC-F979767E924C}"
EndProject
Project("{9A19103F-16F7-4668-BE54-9A1E7A4F7556}") = "EpicOnlineTransport", "EpicOnlineTransport\EpicOnlineTransport.csproj", "{CEA22280-CB0A-42FB-B745-B0D074A043C1}"
EndProject
Global
	GlobalSection(SolutionConfigurationPlatforms) = preSolution
		Debug|Any CPU = Debug|Any CPU
		Debug|x64 = Debug|x64
		Debug|x86 = Debug|x86
		Release|Any CPU = Release|Any CPU
		Release|x64 = Release|x64
		Release|x86 = Release|x86
	EndGlobalSection
	GlobalSection(ProjectConfigurationPlatforms) = postSolution
		{774AD884-6B3B-4211-916C-FA879A038CA2}.Debug|Any CPU.ActiveCfg = Debug|Any CPU
		{774AD884-6B3B-4211-916C-FA879A038CA2}.Debug|Any CPU.Build.0 = Debug|Any CPU
		{774AD884-6B3B-4211-916C-FA879A038CA2}.Debug|x64.ActiveCfg = Debug|Any CPU
		{774AD884-6B3B-4211-916C-FA879A038CA2}.Debug|x64.Build.0 = Debug|Any CPU
		{774AD884-6B3B-4211-916C-FA879A038CA2}.Debug|x86.ActiveCfg = Debug|Any CPU
		{774AD884-6B3B-4211-916C-FA879A038CA2}.Debug|x86.Build.0 = Debug|Any CPU
		{774AD884-6B3B-4211-916C-FA879A038CA2}.Release|Any CPU.ActiveCfg = Release|Any CPU
		{774AD884-6B3B-4211-916C-FA879A038CA2}.Release|Any CPU.Build.0 = Release|Any CPU
		{774AD884-6B3B-4211-916C-FA879A038CA2}.Release|x64.ActiveCfg = Release|Any CPU
		{774AD884-6B3B-4211-916C-FA879A038CA2}.Release|x64.Build.0 = Release|Any CPU
		{774AD884-6B3B-4211-916C-FA879A038CA2}.Release|x86.ActiveCfg = Release|Any CPU
		{774AD884-6B3B-4211-916C-FA879A038CA2}.Release|x86.Build.0 = Release|Any CPU
		{187443FD-AD9C-4D1D-B2A2-7C7C7CAFEBF0}.Debug|Any CPU.ActiveCfg = Debug|Any CPU
		{187443FD-AD9C-4D1D-B2A2-7C7C7CAFEBF0}.Debug|Any CPU.Build.0 = Debug|Any CPU
		{187443FD-AD9C-4D1D-B2A2-7C7C7CAFEBF0}.Debug|x64.ActiveCfg = Debug|Any CPU
		{187443FD-AD9C-4D1D-B2A2-7C7C7CAFEBF0}.Debug|x64.Build.0 = Debug|Any CPU
		{187443FD-AD9C-4D1D-B2A2-7C7C7CAFEBF0}.Debug|x86.ActiveCfg = Debug|Any CPU
		{187443FD-AD9C-4D1D-B2A2-7C7C7CAFEBF0}.Debug|x86.Build.0 = Debug|Any CPU
		{187443FD-AD9C-4D1D-B2A2-7C7C7CAFEBF0}.Release|Any CPU.ActiveCfg = Release|Any CPU
		{187443FD-AD9C-4D1D-B2A2-7C7C7CAFEBF0}.Release|Any CPU.Build.0 = Release|Any CPU
		{187443FD-AD9C-4D1D-B2A2-7C7C7CAFEBF0}.Release|x64.ActiveCfg = Release|Any CPU
		{187443FD-AD9C-4D1D-B2A2-7C7C7CAFEBF0}.Release|x64.Build.0 = Release|Any CPU
		{187443FD-AD9C-4D1D-B2A2-7C7C7CAFEBF0}.Release|x86.ActiveCfg = Release|Any CPU
		{187443FD-AD9C-4D1D-B2A2-7C7C7CAFEBF0}.Release|x86.Build.0 = Release|Any CPU
		{AA7455B6-5BAF-4C4B-B91C-33A2027649F2}.Debug|Any CPU.ActiveCfg = Debug|Any CPU
		{AA7455B6-5BAF-4C4B-B91C-33A2027649F2}.Debug|Any CPU.Build.0 = Debug|Any CPU
		{AA7455B6-5BAF-4C4B-B91C-33A2027649F2}.Debug|x64.ActiveCfg = Debug|Any CPU
		{AA7455B6-5BAF-4C4B-B91C-33A2027649F2}.Debug|x64.Build.0 = Debug|Any CPU
		{AA7455B6-5BAF-4C4B-B91C-33A2027649F2}.Debug|x86.ActiveCfg = Debug|Any CPU
		{AA7455B6-5BAF-4C4B-B91C-33A2027649F2}.Debug|x86.Build.0 = Debug|Any CPU
		{AA7455B6-5BAF-4C4B-B91C-33A2027649F2}.Release|Any CPU.ActiveCfg = Release|Any CPU
		{AA7455B6-5BAF-4C4B-B91C-33A2027649F2}.Release|Any CPU.Build.0 = Release|Any CPU
		{AA7455B6-5BAF-4C4B-B91C-33A2027649F2}.Release|x64.ActiveCfg = Release|Any CPU
		{AA7455B6-5BAF-4C4B-B91C-33A2027649F2}.Release|x64.Build.0 = Release|Any CPU
		{AA7455B6-5BAF-4C4B-B91C-33A2027649F2}.Release|x86.ActiveCfg = Release|Any CPU
		{AA7455B6-5BAF-4C4B-B91C-33A2027649F2}.Release|x86.Build.0 = Release|Any CPU
		{612F6EA7-B470-4C66-B5CC-F979767E924C}.Debug|Any CPU.ActiveCfg = Debug|Any CPU
		{612F6EA7-B470-4C66-B5CC-F979767E924C}.Debug|Any CPU.Build.0 = Debug|Any CPU
		{612F6EA7-B470-4C66-B5CC-F979767E924C}.Debug|x64.ActiveCfg = Debug|Any CPU
		{612F6EA7-B470-4C66-B5CC-F979767E924C}.Debug|x64.Build.0 = Debug|Any CPU
		{612F6EA7-B470-4C66-B5CC-F979767E924C}.Debug|x86.ActiveCfg = Debug|Any CPU
		{612F6EA7-B470-4C66-B5CC-F979767E924C}.Debug|x86.Build.0 = Debug|Any CPU
		{612F6EA7-B470-4C66-B5CC-F979767E924C}.Release|Any CPU.ActiveCfg = Release|Any CPU
		{612F6EA7-B470-4C66-B5CC-F979767E924C}.Release|Any CPU.Build.0 = Release|Any CPU
		{612F6EA7-B470-4C66-B5CC-F979767E924C}.Release|x64.ActiveCfg = Release|Any CPU
		{612F6EA7-B470-4C66-B5CC-F979767E924C}.Release|x64.Build.0 = Release|Any CPU
		{612F6EA7-B470-4C66-B5CC-F979767E924C}.Release|x86.ActiveCfg = Release|Any CPU
		{612F6EA7-B470-4C66-B5CC-F979767E924C}.Release|x86.Build.0 = Release|Any CPU
		{CEA22280-CB0A-42FB-B745-B0D074A043C1}.Debug|Any CPU.ActiveCfg = Debug|Any CPU
		{CEA22280-CB0A-42FB-B745-B0D074A043C1}.Debug|Any CPU.Build.0 = Debug|Any CPU
		{CEA22280-CB0A-42FB-B745-B0D074A043C1}.Debug|x64.ActiveCfg = Debug|Any CPU
		{CEA22280-CB0A-42FB-B745-B0D074A043C1}.Debug|x64.Build.0 = Debug|Any CPU
		{CEA22280-CB0A-42FB-B745-B0D074A043C1}.Debug|x86.ActiveCfg = Debug|Any CPU
		{CEA22280-CB0A-42FB-B745-B0D074A043C1}.Debug|x86.Build.0 = Debug|Any CPU
		{CEA22280-CB0A-42FB-B745-B0D074A043C1}.Release|Any CPU.ActiveCfg = Release|Any CPU
		{CEA22280-CB0A-42FB-B745-B0D074A043C1}.Release|Any CPU.Build.0 = Release|Any CPU
		{CEA22280-CB0A-42FB-B745-B0D074A043C1}.Release|x64.ActiveCfg = Release|Any CPU
		{CEA22280-CB0A-42FB-B745-B0D074A043C1}.Release|x64.Build.0 = Release|Any CPU
		{CEA22280-CB0A-42FB-B745-B0D074A043C1}.Release|x86.ActiveCfg = Release|Any CPU
		{CEA22280-CB0A-42FB-B745-B0D074A043C1}.Release|x86.Build.0 = Release|Any CPU
	EndGlobalSection
	GlobalSection(SolutionProperties) = preSolution
		HideSolutionNode = FALSE
	EndGlobalSection
	GlobalSection(ExtensibilityGlobals) = postSolution
		SolutionGuid = {A930D741-2A9E-4C71-9B4A-DAE303B5DAAA}
	EndGlobalSection
EndGlobal
